
Microsoft Visual Studio Solution File, Format Version 12.00
# Visual Studio Version 17
VisualStudioVersion = 17.3.32901.215
MinimumVisualStudioVersion = 10.0.40219.1
Project("{FAE04EC0-301F-11D3-BF4B-00C04F79EFBC}") = "math sınıfı", "math sınıfı\math sınıfı.csproj", "{FE400E5C-5DC9-4B6F-B81B-F2E6580DC4DA}"
EndProject
Global
	GlobalSection(SolutionConfigurationPlatforms) = preSolution
		Debug|Any CPU = Debug|Any CPU
		Release|Any CPU = Release|Any CPU
	EndGlobalSection
	GlobalSection(ProjectConfigurationPlatforms) = postSolution
		{FE400E5C-5DC9-4B6F-B81B-F2E6580DC4DA}.Debug|Any CPU.ActiveCfg = Debug|Any CPU
		{FE400E5C-5DC9-4B6F-B81B-F2E6580DC4DA}.Debug|Any CPU.Build.0 = Debug|Any CPU
		{FE400E5C-5DC9-4B6F-B81B-F2E6580DC4DA}.Release|Any CPU.ActiveCfg = Release|Any CPU
		{FE400E5C-5DC9-4B6F-B81B-F2E6580DC4DA}.Release|Any CPU.Build.0 = Release|Any CPU
	EndGlobalSection
	GlobalSection(SolutionProperties) = preSolution
		HideSolutionNode = FALSE
	EndGlobalSection
	GlobalSection(ExtensibilityGlobals) = postSolution
		SolutionGuid = {066ABE80-1940-4F1E-8983-FA85A15B1A58}
	EndGlobalSection
EndGlobal
